{
  "nodes": {
    "aaru": {
      "inputs": {
        "nixpkgs": [
          "nixpkgs"
        ]
      },
      "locked": {
        "lastModified": 1763705717,
        "narHash": "sha256-jXDi8V33Q7d37X9YFWnC9jqS3orAqaUCE7rpSUk64bE=",
        "owner": "Whovian9369",
        "repo": "aaru-nix-flake",
        "rev": "470118b7d0c63ce72c9db26ebfebc6694d726950",
        "type": "github"
      },
      "original": {
        "owner": "Whovian9369",
        "repo": "aaru-nix-flake",
        "type": "github"
      }
    },
    "agenix": {
      "inputs": {
        "darwin": [],
        "home-manager": [
          "home-manager"
        ],
        "nixpkgs": [
          "nixpkgs"
        ],
        "systems": [
          "nix-systems_default"
        ]
      },
      "locked": {
        "lastModified": 1762618334,
        "narHash": "sha256-wyT7Pl6tMFbFrs8Lk/TlEs81N6L+VSybPfiIgzU8lbQ=",
        "owner": "ryantm",
        "repo": "agenix",
        "rev": "fcdea223397448d35d9b31f798479227e80183f6",
        "type": "github"
      },
      "original": {
        "owner": "ryantm",
        "repo": "agenix",
        "type": "github"
      }
    },
    "flake-compat": {
      "locked": {
        "lastModified": 1765121682,
        "narHash": "sha256-4VBOP18BFeiPkyhy9o4ssBNQEvfvv1kXkasAYd0+rrA=",
        "owner": "edolstra",
        "repo": "flake-compat",
        "rev": "65f23138d8d09a92e30f1e5c87611b23ef451bf3",
        "type": "github"
      },
      "original": {
        "owner": "edolstra",
        "repo": "flake-compat",
        "type": "github"
      }
    },
    "flake-utils": {
      "inputs": {
        "systems": [
          "nix-systems_default"
        ]
      },
      "locked": {
        "lastModified": 1731533236,
        "narHash": "sha256-l0KFg5HjrsfsO/JpG+r7fRrqm12kzFHyUHqHCVpMMbI=",
        "owner": "numtide",
        "repo": "flake-utils",
        "rev": "11707dc2f618dd54ca8739b309ec4fc024de578b",
        "type": "github"
      },
      "original": {
        "owner": "numtide",
        "repo": "flake-utils",
        "type": "github"
      }
    },
    "flakey-profile": {
      "locked": {
        "lastModified": 1712898590,
        "narHash": "sha256-FhGIEU93VHAChKEXx905TSiPZKga69bWl1VB37FK//I=",
        "owner": "lf-",
        "repo": "flakey-profile",
        "rev": "243c903fd8eadc0f63d205665a92d4df91d42d9d",
        "type": "github"
      },
      "original": {
        "owner": "lf-",
        "repo": "flakey-profile",
        "type": "github"
      }
    },
    "home-manager": {
      "inputs": {
        "nixpkgs": [
          "nixpkgs"
        ]
      },
      "locked": {
        "lastModified": 1765980955,
        "narHash": "sha256-rB45jv4uwC90vM9UZ70plfvY/2Kdygs+zlQ07dGQFk4=",
        "owner": "nix-community",
        "repo": "home-manager",
        "rev": "89c9508bbe9b40d36b3dc206c2483ef176f15173",
        "type": "github"
      },
      "original": {
        "owner": "nix-community",
        "repo": "home-manager",
        "type": "github"
      }
    },
    "ihaveahax-nur": {
      "inputs": {
        "nixpkgs": [
          "nixpkgs"
        ],
        "treefmt-nix": "treefmt-nix"
      },
      "locked": {
        "lastModified": 1766024462,
        "narHash": "sha256-yxI5rNcGxf0ZPBww3JZQwoxEeYYv11q1RAG3dVPvvUY=",
        "owner": "ihaveamac",
        "repo": "nur-packages",
        "rev": "b952576b11af8787b6b42b6cc32a07b7e71277d1",
        "type": "github"
      },
      "original": {
        "owner": "ihaveamac",
        "ref": "staging",
        "repo": "nur-packages",
        "type": "github"
      }
    },
    "lix": {
      "flake": false,
      "locked": {
        "lastModified": 1766001599,
        "narHash": "sha256-avWZpy84s8bdMGsbOjfc4n0LYUqR5H5+Wj4QmgwsBzg=",
        "rev": "32d7c02b96259d05f50a482c2b7e55d59a70294c",
        "type": "tarball",
        "url": "https://git.lix.systems/api/v1/repos/lix-project/lix/archive/32d7c02b96259d05f50a482c2b7e55d59a70294c.tar.gz?rev=32d7c02b96259d05f50a482c2b7e55d59a70294c"
      },
      "original": {
        "type": "tarball",
        "url": "https://git.lix.systems/lix-project/lix/archive/main.tar.gz"
      }
    },
    "lix-module": {
      "inputs": {
        "flake-utils": [
          "flake-utils"
        ],
        "flakey-profile": "flakey-profile",
        "lix": [
          "lix"
        ],
        "nixpkgs": [
          "nixpkgs"
        ]
      },
      "locked": {
        "lastModified": 1764519849,
        "narHash": "sha256-XnNABKfIYKSimQVvKc9FnlC2H0LurOhd9MS6l0Z67lE=",
        "rev": "6c95c0b6f73f831226453fc6905c216ab634c30f",
        "type": "tarball",
        "url": "https://git.lix.systems/api/v1/repos/lix-project/nixos-module/archive/6c95c0b6f73f831226453fc6905c216ab634c30f.tar.gz?rev=6c95c0b6f73f831226453fc6905c216ab634c30f"
      },
      "original": {
        "type": "tarball",
        "url": "https://git.lix.systems/lix-project/nixos-module/archive/main.tar.gz"
      }
    },
    "ninfs": {
      "inputs": {
        "nixpkgs": [
          "nixpkgs"
        ],
        "pyctr": "pyctr"
      },
      "locked": {
        "lastModified": 1763516070,
        "narHash": "sha256-oaAcBwT5cOY2lS76eY7kjfooOeEnXMe0FbLVQHs2Ta0=",
        "owner": "ihaveamac",
        "repo": "ninfs",
        "rev": "d5e221dc7442a96cd57536e3f07c0c52e99e62d2",
        "type": "github"
      },
      "original": {
        "owner": "ihaveamac",
        "repo": "ninfs",
        "type": "github"
      }
    },
    "nix-game-preservation": {
      "inputs": {
        "nixpkgs": [
          "nixpkgs"
        ]
      },
      "locked": {
        "lastModified": 1763710309,
        "narHash": "sha256-W5NIW0cYMq7PE2ICMqC7NP9qt7sn9hQfPy4Wch7Lmhs=",
        "owner": "Whovian9369",
        "repo": "nix-game-preservation",
        "rev": "371a8ebd8bd30d9fd5465a8a4b77a1115aa82f1a",
        "type": "github"
      },
      "original": {
        "owner": "Whovian9369",
        "repo": "nix-game-preservation",
        "type": "github"
      }
    },
    "nix-index-database": {
      "inputs": {
        "nixpkgs": [
          "nixpkgs"
        ]
      },
      "locked": {
        "lastModified": 1765267181,
        "narHash": "sha256-d3NBA9zEtBu2JFMnTBqWj7Tmi7R5OikoU2ycrdhQEws=",
        "owner": "nix-community",
        "repo": "nix-index-database",
        "rev": "82befcf7dc77c909b0f2a09f5da910ec95c5b78f",
        "type": "github"
      },
      "original": {
        "owner": "nix-community",
        "repo": "nix-index-database",
        "type": "github"
      }
    },
    "nix-systems_default": {
      "locked": {
        "lastModified": 1681028828,
        "narHash": "sha256-Vy1rq5AaRuLzOxct8nz4T6wlgyUR7zLU309k9mBC768=",
        "owner": "nix-systems",
        "repo": "default",
        "rev": "da67096a3b9bf56a91d16901293e51ba5b49a27e",
        "type": "github"
      },
      "original": {
        "owner": "nix-systems",
        "repo": "default",
        "type": "github"
      }
    },
    "nixexprs": {
      "locked": {
        "lastModified": 1765779637,
        "narHash": "sha256-2BzIb1uB1hPl5fKGsMc+xj2DrSYmpRLcKdCq0UHdLwI=",
        "rev": "1306659b587dc277866c7b69eb97e5f07864d8c4",
        "type": "tarball",
        "url": "https://releases.nixos.org/nixos/unstable/nixos-26.05pre912002.1306659b587d/nixexprs.tar.xz?lastModified=1765779637&rev=1306659b587dc277866c7b69eb97e5f07864d8c4"
      },
      "original": {
        "type": "tarball",
        "url": "https://channels.nixos.org/nixos-unstable/nixexprs.tar.xz"
      }
    },
    "nixos-wsl": {
      "inputs": {
        "flake-compat": [
          "flake-compat"
        ],
        "nixpkgs": [
          "nixpkgs"
        ]
      },
      "locked": {
        "lastModified": 1765841014,
        "narHash": "sha256-55V0AJ36V5Egh4kMhWtDh117eE3GOjwq5LhwxDn9eHg=",
        "owner": "nix-community",
        "repo": "NixOS-WSL",
        "rev": "be4af8042e7a61fa12fda58fe9a3b3babdefe17b",
        "type": "github"
      },
      "original": {
        "owner": "nix-community",
        "ref": "main",
        "repo": "NixOS-WSL",
        "type": "github"
      }
    },
    "nixpkgs": {
      "locked": {
        "lastModified": 1765779637,
        "narHash": "sha256-KJ2wa/BLSrTqDjbfyNx70ov/HdgNBCBBSQP3BIzKnv4=",
        "owner": "NixOS",
        "repo": "nixpkgs",
        "rev": "1306659b587dc277866c7b69eb97e5f07864d8c4",
        "type": "github"
      },
      "original": {
        "owner": "NixOS",
        "ref": "nixos-unstable",
        "repo": "nixpkgs",
        "type": "github"
      }
    },
    "pyctr": {
      "inputs": {
        "nixpkgs": [
          "ninfs",
          "nixpkgs"
        ]
      },
      "locked": {
        "lastModified": 1763515957,
        "narHash": "sha256-S0qzooGQN5tkbIVgijVZ9umvBC1dYbdPN97tks5SbwE=",
        "owner": "ihaveamac",
        "repo": "pyctr",
        "rev": "eb8d4d06ce7339727d3f72b40f45ec3260336058",
        "type": "github"
      },
      "original": {
        "owner": "ihaveamac",
        "ref": "master",
        "repo": "pyctr",
        "type": "github"
      }
    },
    "rom-properties": {
      "inputs": {
        "nixpkgs": [
          "nixpkgs"
        ]
      },
      "locked": {
        "lastModified": 1761533450,
        "narHash": "sha256-sC+GSVTQUNm8AB0xjJBiOY89qi1RU9PtPc7YXEUKeI4=",
        "owner": "Whovian9369",
        "repo": "rom-properties-nix-flake",
        "rev": "ec8691d663ea16009b74d1ae15dc67b59f2f708d",
        "type": "github"
      },
      "original": {
        "owner": "Whovian9369",
        "repo": "rom-properties-nix-flake",
        "type": "github"
      }
    },
    "root": {
      "inputs": {
        "aaru": "aaru",
        "agenix": "agenix",
        "flake-compat": "flake-compat",
        "flake-utils": "flake-utils",
        "home-manager": "home-manager",
        "ihaveahax-nur": "ihaveahax-nur",
        "lix": "lix",
        "lix-module": "lix-module",
        "ninfs": "ninfs",
        "nix-game-preservation": "nix-game-preservation",
        "nix-index-database": "nix-index-database",
        "nix-systems_default": "nix-systems_default",
        "nixexprs": "nixexprs",
        "nixos-wsl": "nixos-wsl",
        "nixpkgs": "nixpkgs",
        "rom-properties": "rom-properties",
        "xil": "xil"
      }
    },
    "treefmt-nix": {
      "inputs": {
        "nixpkgs": [
          "ihaveahax-nur",
          "nixpkgs"
        ]
      },
      "locked": {
        "lastModified": 1762938485,
        "narHash": "sha256-AlEObg0syDl+Spi4LsZIBrjw+snSVU4T8MOeuZJUJjM=",
        "owner": "numtide",
        "repo": "treefmt-nix",
        "rev": "5b4ee75aeefd1e2d5a1cc43cf6ba65eba75e83e4",
        "type": "github"
      },
      "original": {
        "owner": "numtide",
        "repo": "treefmt-nix",
        "type": "github"
      }
    },
    "xil": {
      "inputs": {
        "flake-utils": [
          "flake-utils"
        ],
        "nixpkgs": [
          "nixpkgs"
        ]
      },
      "locked": {
        "lastModified": 1750332928,
        "narHash": "sha256-N6KfZItdlYAQbePYLaSp64ImYgxL67+eazB3pJtpKjo=",
        "owner": "Qyriad",
        "repo": "Xil",
        "rev": "88e886f5693a0adc30312bd17509a4b22359d48d",
        "type": "github"
      },
      "original": {
        "owner": "Qyriad",
        "repo": "Xil",
        "type": "github"
      }
    }
  },
  "root": "root",
  "version": 7
}
