{
  "nodes": {
    "aaru": {
      "inputs": {
        "nixpkgs": [
          "nixpkgs"
        ]
      },
      "locked": {
        "lastModified": 1734737429,
        "narHash": "sha256-B8jE1+plk7GmKRQXNtyMy+OExFF+vXb6pNe+UEkajd0=",
        "owner": "Whovian9369",
        "repo": "aaru-nix-flake",
        "rev": "3a380de7a8c1dcb109a875d3eb953740ae57b6eb",
        "type": "github"
      },
      "original": {
        "owner": "Whovian9369",
        "repo": "aaru-nix-flake",
        "type": "github"
      }
    },
    "agenix": {
      "inputs": {
        "darwin": [],
        "home-manager": [
          "home-manager"
        ],
        "nixpkgs": [
          "nixpkgs"
        ],
        "systems": [
          "nix-systems_default"
        ]
      },
      "locked": {
        "lastModified": 1723293904,
        "narHash": "sha256-b+uqzj+Wa6xgMS9aNbX4I+sXeb5biPDi39VgvSFqFvU=",
        "owner": "ryantm",
        "repo": "agenix",
        "rev": "f6291c5935fdc4e0bef208cfc0dcab7e3f7a1c41",
        "type": "github"
      },
      "original": {
        "owner": "ryantm",
        "repo": "agenix",
        "type": "github"
      }
    },
    "flake-compat": {
      "locked": {
        "lastModified": 1733328505,
        "narHash": "sha256-NeCCThCEP3eCl2l/+27kNNK7QrwZB1IJCrXfrbv5oqU=",
        "owner": "edolstra",
        "repo": "flake-compat",
        "rev": "ff81ac966bb2cae68946d5ed5fc4994f96d0ffec",
        "type": "github"
      },
      "original": {
        "owner": "edolstra",
        "repo": "flake-compat",
        "type": "github"
      }
    },
    "flake-utils": {
      "inputs": {
        "systems": [
          "nix-systems_default"
        ]
      },
      "locked": {
        "lastModified": 1731533236,
        "narHash": "sha256-l0KFg5HjrsfsO/JpG+r7fRrqm12kzFHyUHqHCVpMMbI=",
        "owner": "numtide",
        "repo": "flake-utils",
        "rev": "11707dc2f618dd54ca8739b309ec4fc024de578b",
        "type": "github"
      },
      "original": {
        "owner": "numtide",
        "repo": "flake-utils",
        "type": "github"
      }
    },
    "flakey-profile": {
      "locked": {
        "lastModified": 1712898590,
        "narHash": "sha256-FhGIEU93VHAChKEXx905TSiPZKga69bWl1VB37FK//I=",
        "owner": "lf-",
        "repo": "flakey-profile",
        "rev": "243c903fd8eadc0f63d205665a92d4df91d42d9d",
        "type": "github"
      },
      "original": {
        "owner": "lf-",
        "repo": "flakey-profile",
        "type": "github"
      }
    },
    "home-manager": {
      "inputs": {
        "nixpkgs": [
          "nixpkgs"
        ]
      },
      "locked": {
        "lastModified": 1735381016,
        "narHash": "sha256-CyCZFhMUkuYbSD6bxB/r43EdmDE7hYeZZPTCv0GudO4=",
        "owner": "nix-community",
        "repo": "home-manager",
        "rev": "10e99c43cdf4a0713b4e81d90691d22c6a58bdf2",
        "type": "github"
      },
      "original": {
        "owner": "nix-community",
        "repo": "home-manager",
        "type": "github"
      }
    },
    "ihaveahax-nur": {
      "inputs": {
        "nixpkgs": [
          "nixpkgs"
        ]
      },
      "locked": {
        "lastModified": 1735581842,
        "narHash": "sha256-wgXqs+mn0CZQ19y7Dsd8PkKQAt6W9U7eWBoV3MfYs8E=",
        "owner": "ihaveamac",
        "repo": "nur-packages",
        "rev": "44d2abcd77c78411975cf9a683035de69afcb826",
        "type": "github"
      },
      "original": {
        "owner": "ihaveamac",
        "ref": "staging",
        "repo": "nur-packages",
        "type": "github"
      }
    },
    "lix": {
      "inputs": {
        "flake-compat": [
          "flake-compat"
        ],
        "nix2container": "nix2container",
        "nixpkgs": [
          "nixpkgs"
        ],
        "nixpkgs-regression": "nixpkgs-regression",
        "pre-commit-hooks": "pre-commit-hooks"
      },
      "locked": {
        "lastModified": 1735572323,
        "narHash": "sha256-Wjt+PK15IdaOUoI0sgsRzaNMxKQGSROLe9sOd44+fwM=",
        "ref": "refs/heads/main",
        "rev": "5c7ea4f446de58aa64f78087bb4ec26b9c4111aa",
        "revCount": 16600,
        "type": "git",
        "url": "https://git@git.lix.systems/lix-project/lix"
      },
      "original": {
        "type": "git",
        "url": "https://git@git.lix.systems/lix-project/lix"
      }
    },
    "lix-module": {
      "inputs": {
        "flake-utils": [
          "flake-utils"
        ],
        "flakey-profile": "flakey-profile",
        "lix": [
          "lix"
        ],
        "nixpkgs": [
          "nixpkgs"
        ]
      },
      "locked": {
        "lastModified": 1733522213,
        "narHash": "sha256-H+Pk19MzvI/TAbXWimUPZAoKkD56OSyxJBm8lVIA5n0=",
        "ref": "refs/heads/main",
        "rev": "c374ebf5548c7b6d4bf884369a5b6879cfc916ea",
        "revCount": 124,
        "type": "git",
        "url": "https://git.lix.systems/lix-project/nixos-module"
      },
      "original": {
        "type": "git",
        "url": "https://git.lix.systems/lix-project/nixos-module"
      }
    },
    "ninfs": {
      "inputs": {
        "flake-utils": [
          "flake-utils"
        ],
        "nixpkgs": [
          "nixpkgs"
        ],
        "pyctr": "pyctr"
      },
      "locked": {
        "lastModified": 1734592053,
        "narHash": "sha256-bhSOxXMdUK+DEz1krJpjwqn5vIsjuieQLYps7FLZEtA=",
        "owner": "ihaveamac",
        "repo": "ninfs",
        "rev": "7386365cae19914fc75bc99cc950005429a5f8be",
        "type": "github"
      },
      "original": {
        "owner": "ihaveamac",
        "repo": "ninfs",
        "type": "github"
      }
    },
    "nix-index-database": {
      "inputs": {
        "nixpkgs": [
          "nixpkgs"
        ]
      },
      "locked": {
        "lastModified": 1735443188,
        "narHash": "sha256-AydPpRBh8+NOkrLylG7vTsHrGO2b5L7XkMEL5HlzcA8=",
        "owner": "nix-community",
        "repo": "nix-index-database",
        "rev": "55ab1e1df5daf2476e6b826b69a82862dcbd7544",
        "type": "github"
      },
      "original": {
        "owner": "nix-community",
        "repo": "nix-index-database",
        "type": "github"
      }
    },
    "nix-systems_default": {
      "locked": {
        "lastModified": 1681028828,
        "narHash": "sha256-Vy1rq5AaRuLzOxct8nz4T6wlgyUR7zLU309k9mBC768=",
        "owner": "nix-systems",
        "repo": "default",
        "rev": "da67096a3b9bf56a91d16901293e51ba5b49a27e",
        "type": "github"
      },
      "original": {
        "owner": "nix-systems",
        "repo": "default",
        "type": "github"
      }
    },
    "nix2container": {
      "flake": false,
      "locked": {
        "lastModified": 1724996935,
        "narHash": "sha256-njRK9vvZ1JJsP8oV2OgkBrpJhgQezI03S7gzskCcHos=",
        "owner": "nlewo",
        "repo": "nix2container",
        "rev": "fa6bb0a1159f55d071ba99331355955ae30b3401",
        "type": "github"
      },
      "original": {
        "owner": "nlewo",
        "repo": "nix2container",
        "type": "github"
      }
    },
    "nixos-wsl": {
      "inputs": {
        "flake-compat": [
          "flake-compat"
        ],
        "flake-utils": [
          "flake-utils"
        ],
        "nixpkgs": [
          "nixpkgs"
        ]
      },
      "locked": {
        "lastModified": 1733854371,
        "narHash": "sha256-K9qGHniYBbjqVcEiwXyiofj/IFf78L5F0/FCf+CKyr0=",
        "owner": "nix-community",
        "repo": "NixOS-WSL",
        "rev": "dee4425dcee3149475ead0cb6a616b8a028c5888",
        "type": "github"
      },
      "original": {
        "owner": "nix-community",
        "ref": "main",
        "repo": "NixOS-WSL",
        "type": "github"
      }
    },
    "nixpkgs": {
      "locked": {
        "lastModified": 1735471104,
        "narHash": "sha256-0q9NGQySwDQc7RhAV2ukfnu7Gxa5/ybJ2ANT8DQrQrs=",
        "owner": "NixOS",
        "repo": "nixpkgs",
        "rev": "88195a94f390381c6afcdaa933c2f6ff93959cb4",
        "type": "github"
      },
      "original": {
        "owner": "NixOS",
        "ref": "nixos-unstable",
        "repo": "nixpkgs",
        "type": "github"
      }
    },
    "nixpkgs-regression": {
      "locked": {
        "lastModified": 1643052045,
        "narHash": "sha256-uGJ0VXIhWKGXxkeNnq4TvV3CIOkUJ3PAoLZ3HMzNVMw=",
        "owner": "NixOS",
        "repo": "nixpkgs",
        "rev": "215d4d0fd80ca5163643b03a33fde804a29cc1e2",
        "type": "github"
      },
      "original": {
        "owner": "NixOS",
        "repo": "nixpkgs",
        "rev": "215d4d0fd80ca5163643b03a33fde804a29cc1e2",
        "type": "github"
      }
    },
    "pre-commit-hooks": {
      "flake": false,
      "locked": {
        "lastModified": 1733318908,
        "narHash": "sha256-SVQVsbafSM1dJ4fpgyBqLZ+Lft+jcQuMtEL3lQWx2Sk=",
        "owner": "cachix",
        "repo": "git-hooks.nix",
        "rev": "6f4e2a2112050951a314d2733a994fbab94864c6",
        "type": "github"
      },
      "original": {
        "owner": "cachix",
        "repo": "git-hooks.nix",
        "type": "github"
      }
    },
    "pyctr": {
      "inputs": {
        "flake-utils": [
          "ninfs",
          "flake-utils"
        ],
        "nixpkgs": [
          "ninfs",
          "nixpkgs"
        ]
      },
      "locked": {
        "lastModified": 1734494411,
        "narHash": "sha256-0C/lM9bQTbkIA2wT5HUFxPPS0415/s0jK4ZOewIUmQk=",
        "owner": "ihaveamac",
        "repo": "pyctr",
        "rev": "3f4bbd8b9332986482fc196cf632f20df7ffbd45",
        "type": "github"
      },
      "original": {
        "owner": "ihaveamac",
        "ref": "master",
        "repo": "pyctr",
        "type": "github"
      }
    },
    "rom-properties": {
      "inputs": {
        "nixpkgs": [
          "nixpkgs"
        ]
      },
      "locked": {
        "lastModified": 1731899172,
        "narHash": "sha256-tSQrugLnpms1k7wO/D+r96uIF+TmMePjb0gWurxJfao=",
        "owner": "Whovian9369",
        "repo": "rom-properties-nix-flake",
        "rev": "0ad40e21c728cde69df1f26e18afb992a9cea8e9",
        "type": "github"
      },
      "original": {
        "owner": "Whovian9369",
        "repo": "rom-properties-nix-flake",
        "type": "github"
      }
    },
    "root": {
      "inputs": {
        "aaru": "aaru",
        "agenix": "agenix",
        "flake-compat": "flake-compat",
        "flake-utils": "flake-utils",
        "home-manager": "home-manager",
        "ihaveahax-nur": "ihaveahax-nur",
        "lix": "lix",
        "lix-module": "lix-module",
        "ninfs": "ninfs",
        "nix-index-database": "nix-index-database",
        "nix-systems_default": "nix-systems_default",
        "nixos-wsl": "nixos-wsl",
        "nixpkgs": "nixpkgs",
        "rom-properties": "rom-properties",
        "xil": "xil"
      }
    },
    "xil": {
      "inputs": {
        "flake-utils": [
          "flake-utils"
        ],
        "nixpkgs": [
          "nixpkgs"
        ]
      },
      "locked": {
        "lastModified": 1719236664,
        "narHash": "sha256-AUXjPlfHpUQs+gKznmiHRaWZNWpKRNDE3R85oR/6hlY=",
        "owner": "Qyriad",
        "repo": "Xil",
        "rev": "563229c826e6b37a64e72d29154ab96e8ee18fcb",
        "type": "github"
      },
      "original": {
        "owner": "Qyriad",
        "repo": "Xil",
        "type": "github"
      }
    }
  },
  "root": "root",
  "version": 7
}
